// !$*UTF8*$!
{
	archiveVersion = 1;
	classes = {
	};
	objectVersion = 56;
	objects = {

/* Begin PBXBuildFile section */
		ED2749DF2BDD1A4D00F7CD4C /* AppDelegate.swift in Sources */ = {isa = PBXBuildFile; fileRef = ED2749DE2BDD1A4D00F7CD4C /* AppDelegate.swift */; };
		ED2749E12BDD1A4D00F7CD4C /* SceneDelegate.swift in Sources */ = {isa = PBXBuildFile; fileRef = ED2749E02BDD1A4D00F7CD4C /* SceneDelegate.swift */; };
		ED2749E32BDD1A4D00F7CD4C /* ViewController.swift in Sources */ = {isa = PBXBuildFile; fileRef = ED2749E22BDD1A4D00F7CD4C /* ViewController.swift */; };
		ED2749E62BDD1A4D00F7CD4C /* Base in Resources */ = {isa = PBXBuildFile; fileRef = ED2749E52BDD1A4D00F7CD4C /* Base */; };
		ED2749E82BDD1A4E00F7CD4C /* Assets.xcassets in Resources */ = {isa = PBXBuildFile; fileRef = ED2749E72BDD1A4E00F7CD4C /* Assets.xcassets */; };
		ED2749EB2BDD1A4E00F7CD4C /* Base in Resources */ = {isa = PBXBuildFile; fileRef = ED2749EA2BDD1A4E00F7CD4C /* Base */; };
		ED2749F62BDD1A4F00F7CD4C /* HW_09Tests.swift in Sources */ = {isa = PBXBuildFile; fileRef = ED2749F52BDD1A4F00F7CD4C /* HW_09Tests.swift */; };
		ED274A002BDD1A4F00F7CD4C /* HW_09UITests.swift in Sources */ = {isa = PBXBuildFile; fileRef = ED2749FF2BDD1A4F00F7CD4C /* HW_09UITests.swift */; };
		ED274A022BDD1A4F00F7CD4C /* HW_09UITestsLaunchTests.swift in Sources */ = {isa = PBXBuildFile; fileRef = ED274A012BDD1A4F00F7CD4C /* HW_09UITestsLaunchTests.swift */; };
		ED274A0F2BDD1A8800F7CD4C /* FirstViewController.swift in Sources */ = {isa = PBXBuildFile; fileRef = ED274A0E2BDD1A8800F7CD4C /* FirstViewController.swift */; };
		ED274A112BDD1AA400F7CD4C /* SecondViewController.swift in Sources */ = {isa = PBXBuildFile; fileRef = ED274A102BDD1AA400F7CD4C /* SecondViewController.swift */; };
		ED274A132BDD1AD200F7CD4C /* ThirdViewController.swift in Sources */ = {isa = PBXBuildFile; fileRef = ED274A122BDD1AD200F7CD4C /* ThirdViewController.swift */; };
		ED274A152BDD1AF100F7CD4C /* FourthViewController.swift in Sources */ = {isa = PBXBuildFile; fileRef = ED274A142BDD1AF100F7CD4C /* FourthViewController.swift */; };
		EDDBA4292BDFCFB200799F30 /* ThirdOneViewController.swift in Sources */ = {isa = PBXBuildFile; fileRef = EDDBA4282BDFCFB200799F30 /* ThirdOneViewController.swift */; };
		EDDBA42B2BDFCFC900799F30 /* ThirdTwoViewController.swift in Sources */ = {isa = PBXBuildFile; fileRef = EDDBA42A2BDFCFC900799F30 /* ThirdTwoViewController.swift */; };
		EDDBA42D2BDFCFF200799F30 /* ThirdThreeViewController.swift in Sources */ = {isa = PBXBuildFile; fileRef = EDDBA42C2BDFCFF200799F30 /* ThirdThreeViewController.swift */; };
		EDDBA42F2BDFD01900799F30 /* ThirdFourViewController.swift in Sources */ = {isa = PBXBuildFile; fileRef = EDDBA42E2BDFD01900799F30 /* ThirdFourViewController.swift */; };
		EDDBA4312BDFD03C00799F30 /* ThirdFiveViewController.swift in Sources */ = {isa = PBXBuildFile; fileRef = EDDBA4302BDFD03C00799F30 /* ThirdFiveViewController.swift */; };
/* End PBXBuildFile section */

/* Begin PBXContainerItemProxy section */
		ED2749F22BDD1A4F00F7CD4C /* PBXContainerItemProxy */ = {
			isa = PBXContainerItemProxy;
			containerPortal = ED2749D32BDD1A4C00F7CD4C /* Project object */;
			proxyType = 1;
			remoteGlobalIDString = ED2749DA2BDD1A4D00F7CD4C;
			remoteInfo = "HW-09";
		};
		ED2749FC2BDD1A4F00F7CD4C /* PBXContainerItemProxy */ = {
			isa = PBXContainerItemProxy;
			containerPortal = ED2749D32BDD1A4C00F7CD4C /* Project object */;
			proxyType = 1;
			remoteGlobalIDString = ED2749DA2BDD1A4D00F7CD4C;
			remoteInfo = "HW-09";
		};
/* End PBXContainerItemProxy section */

/* Begin PBXFileReference section */
		ED2749DB2BDD1A4D00F7CD4C /* HW-09.app */ = {isa = PBXFileReference; explicitFileType = wrapper.application; includeInIndex = 0; path = "HW-09.app"; sourceTree = BUILT_PRODUCTS_DIR; };
		ED2749DE2BDD1A4D00F7CD4C /* AppDelegate.swift */ = {isa = PBXFileReference; lastKnownFileType = sourcecode.swift; path = AppDelegate.swift; sourceTree = "<group>"; };
		ED2749E02BDD1A4D00F7CD4C /* SceneDelegate.swift */ = {isa = PBXFileReference; lastKnownFileType = sourcecode.swift; path = SceneDelegate.swift; sourceTree = "<group>"; };
		ED2749E22BDD1A4D00F7CD4C /* ViewController.swift */ = {isa = PBXFileReference; lastKnownFileType = sourcecode.swift; path = ViewController.swift; sourceTree = "<group>"; };
		ED2749E52BDD1A4D00F7CD4C /* Base */ = {isa = PBXFileReference; lastKnownFileType = file.storyboard; name = Base; path = Base.lproj/Main.storyboard; sourceTree = "<group>"; };
		ED2749E72BDD1A4E00F7CD4C /* Assets.xcassets */ = {isa = PBXFileReference; lastKnownFileType = folder.assetcatalog; path = Assets.xcassets; sourceTree = "<group>"; };
		ED2749EA2BDD1A4E00F7CD4C /* Base */ = {isa = PBXFileReference; lastKnownFileType = file.storyboard; name = Base; path = Base.lproj/LaunchScreen.storyboard; sourceTree = "<group>"; };
		ED2749EC2BDD1A4E00F7CD4C /* Info.plist */ = {isa = PBXFileReference; lastKnownFileType = text.plist.xml; path = Info.plist; sourceTree = "<group>"; };
		ED2749F12BDD1A4F00F7CD4C /* HW-09Tests.xctest */ = {isa = PBXFileReference; explicitFileType = wrapper.cfbundle; includeInIndex = 0; path = "HW-09Tests.xctest"; sourceTree = BUILT_PRODUCTS_DIR; };
		ED2749F52BDD1A4F00F7CD4C /* HW_09Tests.swift */ = {isa = PBXFileReference; lastKnownFileType = sourcecode.swift; path = HW_09Tests.swift; sourceTree = "<group>"; };
		ED2749FB2BDD1A4F00F7CD4C /* HW-09UITests.xctest */ = {isa = PBXFileReference; explicitFileType = wrapper.cfbundle; includeInIndex = 0; path = "HW-09UITests.xctest"; sourceTree = BUILT_PRODUCTS_DIR; };
		ED2749FF2BDD1A4F00F7CD4C /* HW_09UITests.swift */ = {isa = PBXFileReference; lastKnownFileType = sourcecode.swift; path = HW_09UITests.swift; sourceTree = "<group>"; };
		ED274A012BDD1A4F00F7CD4C /* HW_09UITestsLaunchTests.swift */ = {isa = PBXFileReference; lastKnownFileType = sourcecode.swift; path = HW_09UITestsLaunchTests.swift; sourceTree = "<group>"; };
		ED274A0E2BDD1A8800F7CD4C /* FirstViewController.swift */ = {isa = PBXFileReference; lastKnownFileType = sourcecode.swift; path = FirstViewController.swift; sourceTree = "<group>"; };
		ED274A102BDD1AA400F7CD4C /* SecondViewController.swift */ = {isa = PBXFileReference; lastKnownFileType = sourcecode.swift; path = SecondViewController.swift; sourceTree = "<group>"; };
		ED274A122BDD1AD200F7CD4C /* ThirdViewController.swift */ = {isa = PBXFileReference; lastKnownFileType = sourcecode.swift; path = ThirdViewController.swift; sourceTree = "<group>"; };
		ED274A142BDD1AF100F7CD4C /* FourthViewController.swift */ = {isa = PBXFileReference; lastKnownFileType = sourcecode.swift; path = FourthViewController.swift; sourceTree = "<group>"; };
		EDDBA4282BDFCFB200799F30 /* ThirdOneViewController.swift */ = {isa = PBXFileReference; lastKnownFileType = sourcecode.swift; path = ThirdOneViewController.swift; sourceTree = "<group>"; };
		EDDBA42A2BDFCFC900799F30 /* ThirdTwoViewController.swift */ = {isa = PBXFileReference; lastKnownFileType = sourcecode.swift; path = ThirdTwoViewController.swift; sourceTree = "<group>"; };
		EDDBA42C2BDFCFF200799F30 /* ThirdThreeViewController.swift */ = {isa = PBXFileReference; lastKnownFileType = sourcecode.swift; path = ThirdThreeViewController.swift; sourceTree = "<group>"; };
		EDDBA42E2BDFD01900799F30 /* ThirdFourViewController.swift */ = {isa = PBXFileReference; lastKnownFileType = sourcecode.swift; path = ThirdFourViewController.swift; sourceTree = "<group>"; };
		EDDBA4302BDFD03C00799F30 /* ThirdFiveViewController.swift */ = {isa = PBXFileReference; lastKnownFileType = sourcecode.swift; path = ThirdFiveViewController.swift; sourceTree = "<group>"; };
/* End PBXFileReference section */

/* Begin PBXFrameworksBuildPhase section */
		ED2749D82BDD1A4D00F7CD4C /* Frameworks */ = {
			isa = PBXFrameworksBuildPhase;
			buildActionMask = 2147483647;
			files = (
			);
			runOnlyForDeploymentPostprocessing = 0;
		};
		ED2749EE2BDD1A4F00F7CD4C /* Frameworks */ = {
			isa = PBXFrameworksBuildPhase;
			buildActionMask = 2147483647;
			files = (
			);
			runOnlyForDeploymentPostprocessing = 0;
		};
		ED2749F82BDD1A4F00F7CD4C /* Frameworks */ = {
			isa = PBXFrameworksBuildPhase;
			buildActionMask = 2147483647;
			files = (
			);
			runOnlyForDeploymentPostprocessing = 0;
		};
/* End PBXFrameworksBuildPhase section */

/* Begin PBXGroup section */
		ED2749D22BDD1A4C00F7CD4C = {
			isa = PBXGroup;
			children = (
				ED2749DD2BDD1A4D00F7CD4C /* HW-09 */,
				ED2749F42BDD1A4F00F7CD4C /* HW-09Tests */,
				ED2749FE2BDD1A4F00F7CD4C /* HW-09UITests */,
				ED2749DC2BDD1A4D00F7CD4C /* Products */,
			);
			sourceTree = "<group>";
		};
		ED2749DC2BDD1A4D00F7CD4C /* Products */ = {
			isa = PBXGroup;
			children = (
				ED2749DB2BDD1A4D00F7CD4C /* HW-09.app */,
				ED2749F12BDD1A4F00F7CD4C /* HW-09Tests.xctest */,
				ED2749FB2BDD1A4F00F7CD4C /* HW-09UITests.xctest */,
			);
			name = Products;
			sourceTree = "<group>";
		};
		ED2749DD2BDD1A4D00F7CD4C /* HW-09 */ = {
			isa = PBXGroup;
			children = (
				EDDBA4272BDFCF5E00799F30 /* ThirdNC */,
				ED2749DE2BDD1A4D00F7CD4C /* AppDelegate.swift */,
				ED2749E02BDD1A4D00F7CD4C /* SceneDelegate.swift */,
				ED2749E22BDD1A4D00F7CD4C /* ViewController.swift */,
				ED274A0E2BDD1A8800F7CD4C /* FirstViewController.swift */,
				ED274A102BDD1AA400F7CD4C /* SecondViewController.swift */,
				ED274A142BDD1AF100F7CD4C /* FourthViewController.swift */,
				ED2749E42BDD1A4D00F7CD4C /* Main.storyboard */,
				ED2749E72BDD1A4E00F7CD4C /* Assets.xcassets */,
				ED2749E92BDD1A4E00F7CD4C /* LaunchScreen.storyboard */,
				ED2749EC2BDD1A4E00F7CD4C /* Info.plist */,
			);
			path = "HW-09";
			sourceTree = "<group>";
		};
		ED2749F42BDD1A4F00F7CD4C /* HW-09Tests */ = {
			isa = PBXGroup;
			children = (
				ED2749F52BDD1A4F00F7CD4C /* HW_09Tests.swift */,
			);
			path = "HW-09Tests";
			sourceTree = "<group>";
		};
		ED2749FE2BDD1A4F00F7CD4C /* HW-09UITests */ = {
			isa = PBXGroup;
			children = (
				ED2749FF2BDD1A4F00F7CD4C /* HW_09UITests.swift */,
				ED274A012BDD1A4F00F7CD4C /* HW_09UITestsLaunchTests.swift */,
			);
			path = "HW-09UITests";
			sourceTree = "<group>";
		};
		EDDBA4272BDFCF5E00799F30 /* ThirdNC */ = {
			isa = PBXGroup;
			children = (
				ED274A122BDD1AD200F7CD4C /* ThirdViewController.swift */,
				EDDBA4282BDFCFB200799F30 /* ThirdOneViewController.swift */,
				EDDBA42A2BDFCFC900799F30 /* ThirdTwoViewController.swift */,
				EDDBA42C2BDFCFF200799F30 /* ThirdThreeViewController.swift */,
				EDDBA42E2BDFD01900799F30 /* ThirdFourViewController.swift */,
				EDDBA4302BDFD03C00799F30 /* ThirdFiveViewController.swift */,
			);
			path = ThirdNC;
			sourceTree = "<group>";
		};
/* End PBXGroup section */

/* Begin PBXNativeTarget section */
		ED2749DA2BDD1A4D00F7CD4C /* HW-09 */ = {
			isa = PBXNativeTarget;
			buildConfigurationList = ED274A052BDD1A4F00F7CD4C /* Build configuration list for PBXNativeTarget "HW-09" */;
			buildPhases = (
				ED2749D72BDD1A4D00F7CD4C /* Sources */,
				ED2749D82BDD1A4D00F7CD4C /* Frameworks */,
				ED2749D92BDD1A4D00F7CD4C /* Resources */,
			);
			buildRules = (
			);
			dependencies = (
			);
			name = "HW-09";
			productName = "HW-09";
			productReference = ED2749DB2BDD1A4D00F7CD4C /* HW-09.app */;
			productType = "com.apple.product-type.application";
		};
		ED2749F02BDD1A4F00F7CD4C /* HW-09Tests */ = {
			isa = PBXNativeTarget;
			buildConfigurationList = ED274A082BDD1A4F00F7CD4C /* Build configuration list for PBXNativeTarget "HW-09Tests" */;
			buildPhases = (
				ED2749ED2BDD1A4F00F7CD4C /* Sources */,
				ED2749EE2BDD1A4F00F7CD4C /* Frameworks */,
				ED2749EF2BDD1A4F00F7CD4C /* Resources */,
			);
			buildRules = (
			);
			dependencies = (
				ED2749F32BDD1A4F00F7CD4C /* PBXTargetDependency */,
			);
			name = "HW-09Tests";
			productName = "HW-09Tests";
			productReference = ED2749F12BDD1A4F00F7CD4C /* HW-09Tests.xctest */;
			productType = "com.apple.product-type.bundle.unit-test";
		};
		ED2749FA2BDD1A4F00F7CD4C /* HW-09UITests */ = {
			isa = PBXNativeTarget;
			buildConfigurationList = ED274A0B2BDD1A4F00F7CD4C /* Build configuration list for PBXNativeTarget "HW-09UITests" */;
			buildPhases = (
				ED2749F72BDD1A4F00F7CD4C /* Sources */,
				ED2749F82BDD1A4F00F7CD4C /* Frameworks */,
				ED2749F92BDD1A4F00F7CD4C /* Resources */,
			);
			buildRules = (
			);
			dependencies = (
				ED2749FD2BDD1A4F00F7CD4C /* PBXTargetDependency */,
			);
			name = "HW-09UITests";
			productName = "HW-09UITests";
			productReference = ED2749FB2BDD1A4F00F7CD4C /* HW-09UITests.xctest */;
			productType = "com.apple.product-type.bundle.ui-testing";
		};
/* End PBXNativeTarget section */

/* Begin PBXProject section */
		ED2749D32BDD1A4C00F7CD4C /* Project object */ = {
			isa = PBXProject;
			attributes = {
				BuildIndependentTargetsInParallel = 1;
				LastSwiftUpdateCheck = 1530;
				LastUpgradeCheck = 1530;
				TargetAttributes = {
					ED2749DA2BDD1A4D00F7CD4C = {
						CreatedOnToolsVersion = 15.3;
					};
					ED2749F02BDD1A4F00F7CD4C = {
						CreatedOnToolsVersion = 15.3;
						TestTargetID = ED2749DA2BDD1A4D00F7CD4C;
					};
					ED2749FA2BDD1A4F00F7CD4C = {
						CreatedOnToolsVersion = 15.3;
						TestTargetID = ED2749DA2BDD1A4D00F7CD4C;
					};
				};
			};
			buildConfigurationList = ED2749D62BDD1A4C00F7CD4C /* Build configuration list for PBXProject "HW-09" */;
			compatibilityVersion = "Xcode 14.0";
			developmentRegion = en;
			hasScannedForEncodings = 0;
			knownRegions = (
				en,
				Base,
			);
			mainGroup = ED2749D22BDD1A4C00F7CD4C;
			productRefGroup = ED2749DC2BDD1A4D00F7CD4C /* Products */;
			projectDirPath = "";
			projectRoot = "";
			targets = (
				ED2749DA2BDD1A4D00F7CD4C /* HW-09 */,
				ED2749F02BDD1A4F00F7CD4C /* HW-09Tests */,
				ED2749FA2BDD1A4F00F7CD4C /* HW-09UITests */,
			);
		};
/* End PBXProject section */

/* Begin PBXResourcesBuildPhase section */
		ED2749D92BDD1A4D00F7CD4C /* Resources */ = {
			isa = PBXResourcesBuildPhase;
			buildActionMask = 2147483647;
			files = (
				ED2749E82BDD1A4E00F7CD4C /* Assets.xcassets in Resources */,
				ED2749EB2BDD1A4E00F7CD4C /* Base in Resources */,
				ED2749E62BDD1A4D00F7CD4C /* Base in Resources */,
			);
			runOnlyForDeploymentPostprocessing = 0;
		};
		ED2749EF2BDD1A4F00F7CD4C /* Resources */ = {
			isa = PBXResourcesBuildPhase;
			buildActionMask = 2147483647;
			files = (
			);
			runOnlyForDeploymentPostprocessing = 0;
		};
		ED2749F92BDD1A4F00F7CD4C /* Resources */ = {
			isa = PBXResourcesBuildPhase;
			buildActionMask = 2147483647;
			files = (
			);
			runOnlyForDeploymentPostprocessing = 0;
		};
/* End PBXResourcesBuildPhase section */

/* Begin PBXSourcesBuildPhase section */
		ED2749D72BDD1A4D00F7CD4C /* Sources */ = {
			isa = PBXSourcesBuildPhase;
			buildActionMask = 2147483647;
			files = (
				ED2749E32BDD1A4D00F7CD4C /* ViewController.swift in Sources */,
				ED2749DF2BDD1A4D00F7CD4C /* AppDelegate.swift in Sources */,
				ED2749E12BDD1A4D00F7CD4C /* SceneDelegate.swift in Sources */,
				EDDBA4292BDFCFB200799F30 /* ThirdOneViewController.swift in Sources */,
				ED274A152BDD1AF100F7CD4C /* FourthViewController.swift in Sources */,
				ED274A112BDD1AA400F7CD4C /* SecondViewController.swift in Sources */,
				EDDBA42F2BDFD01900799F30 /* ThirdFourViewController.swift in Sources */,
				EDDBA42B2BDFCFC900799F30 /* ThirdTwoViewController.swift in Sources */,
				EDDBA4312BDFD03C00799F30 /* ThirdFiveViewController.swift in Sources */,
				EDDBA42D2BDFCFF200799F30 /* ThirdThreeViewController.swift in Sources */,
				ED274A132BDD1AD200F7CD4C /* ThirdViewController.swift in Sources */,
				ED274A0F2BDD1A8800F7CD4C /* FirstViewController.swift in Sources */,
			);
			runOnlyForDeploymentPostprocessing = 0;
		};
		ED2749ED2BDD1A4F00F7CD4C /* Sources */ = {
			isa = PBXSourcesBuildPhase;
			buildActionMask = 2147483647;
			files = (
				ED2749F62BDD1A4F00F7CD4C /* HW_09Tests.swift in Sources */,
			);
			runOnlyForDeploymentPostprocessing = 0;
		};
		ED2749F72BDD1A4F00F7CD4C /* Sources */ = {
			isa = PBXSourcesBuildPhase;
			buildActionMask = 2147483647;
			files = (
				ED274A022BDD1A4F00F7CD4C /* HW_09UITestsLaunchTests.swift in Sources */,
				ED274A002BDD1A4F00F7CD4C /* HW_09UITests.swift in Sources */,
			);
			runOnlyForDeploymentPostprocessing = 0;
		};
/* End PBXSourcesBuildPhase section */

/* Begin PBXTargetDependency section */
		ED2749F32BDD1A4F00F7CD4C /* PBXTargetDependency */ = {
			isa = PBXTargetDependency;
			target = ED2749DA2BDD1A4D00F7CD4C /* HW-09 */;
			targetProxy = ED2749F22BDD1A4F00F7CD4C /* PBXContainerItemProxy */;
		};
		ED2749FD2BDD1A4F00F7CD4C /* PBXTargetDependency */ = {
			isa = PBXTargetDependency;
			target = ED2749DA2BDD1A4D00F7CD4C /* HW-09 */;
			targetProxy = ED2749FC2BDD1A4F00F7CD4C /* PBXContainerItemProxy */;
		};
/* End PBXTargetDependency section */

/* Begin PBXVariantGroup section */
		ED2749E42BDD1A4D00F7CD4C /* Main.storyboard */ = {
			isa = PBXVariantGroup;
			children = (
				ED2749E52BDD1A4D00F7CD4C /* Base */,
			);
			name = Main.storyboard;
			sourceTree = "<group>";
		};
		ED2749E92BDD1A4E00F7CD4C /* LaunchScreen.storyboard */ = {
			isa = PBXVariantGroup;
			children = (
				ED2749EA2BDD1A4E00F7CD4C /* Base */,
			);
			name = LaunchScreen.storyboard;
			sourceTree = "<group>";
		};
/* End PBXVariantGroup section */

/* Begin XCBuildConfiguration section */
		ED274A032BDD1A4F00F7CD4C /* Debug */ = {
			isa = XCBuildConfiguration;
			buildSettings = {
				ALWAYS_SEARCH_USER_PATHS = NO;
				ASSETCATALOG_COMPILER_GENERATE_SWIFT_ASSET_SYMBOL_EXTENSIONS = YES;
				CLANG_ANALYZER_NONNULL = YES;
				CLANG_ANALYZER_NUMBER_OBJECT_CONVERSION = YES_AGGRESSIVE;
				CLANG_CXX_LANGUAGE_STANDARD = "gnu++20";
				CLANG_ENABLE_MODULES = YES;
				CLANG_ENABLE_OBJC_ARC = YES;
				CLANG_ENABLE_OBJC_WEAK = YES;
				CLANG_WARN_BLOCK_CAPTURE_AUTORELEASING = YES;
				CLANG_WARN_BOOL_CONVERSION = YES;
				CLANG_WARN_COMMA = YES;
				CLANG_WARN_CONSTANT_CONVERSION = YES;
				CLANG_WARN_DEPRECATED_OBJC_IMPLEMENTATIONS = YES;
				CLANG_WARN_DIRECT_OBJC_ISA_USAGE = YES_ERROR;
				CLANG_WARN_DOCUMENTATION_COMMENTS = YES;
				CLANG_WARN_EMPTY_BODY = YES;
				CLANG_WARN_ENUM_CONVERSION = YES;
				CLANG_WARN_INFINITE_RECURSION = YES;
				CLANG_WARN_INT_CONVERSION = YES;
				CLANG_WARN_NON_LITERAL_NULL_CONVERSION = YES;
				CLANG_WARN_OBJC_IMPLICIT_RETAIN_SELF = YES;
				CLANG_WARN_OBJC_LITERAL_CONVERSION = YES;
				CLANG_WARN_OBJC_ROOT_CLASS = YES_ERROR;
				CLANG_WARN_QUOTED_INCLUDE_IN_FRAMEWORK_HEADER = YES;
				CLANG_WARN_RANGE_LOOP_ANALYSIS = YES;
				CLANG_WARN_STRICT_PROTOTYPES = YES;
				CLANG_WARN_SUSPICIOUS_MOVE = YES;
				CLANG_WARN_UNGUARDED_AVAILABILITY = YES_AGGRESSIVE;
				CLANG_WARN_UNREACHABLE_CODE = YES;
				CLANG_WARN__DUPLICATE_METHOD_MATCH = YES;
				COPY_PHASE_STRIP = NO;
				DEBUG_INFORMATION_FORMAT = dwarf;
				ENABLE_STRICT_OBJC_MSGSEND = YES;
				ENABLE_TESTABILITY = YES;
				ENABLE_USER_SCRIPT_SANDBOXING = YES;
				GCC_C_LANGUAGE_STANDARD = gnu17;
				GCC_DYNAMIC_NO_PIC = NO;
				GCC_NO_COMMON_BLOCKS = YES;
				GCC_OPTIMIZATION_LEVEL = 0;
				GCC_PREPROCESSOR_DEFINITIONS = (
					"DEBUG=1",
					"$(inherited)",
				);
				GCC_WARN_64_TO_32_BIT_CONVERSION = YES;
				GCC_WARN_ABOUT_RETURN_TYPE = YES_ERROR;
				GCC_WARN_UNDECLARED_SELECTOR = YES;
				GCC_WARN_UNINITIALIZED_AUTOS = YES_AGGRESSIVE;
				GCC_WARN_UNUSED_FUNCTION = YES;
				GCC_WARN_UNUSED_VARIABLE = YES;
				IPHONEOS_DEPLOYMENT_TARGET = 17.4;
				LOCALIZATION_PREFERS_STRING_CATALOGS = YES;
				MTL_ENABLE_DEBUG_INFO = INCLUDE_SOURCE;
				MTL_FAST_MATH = YES;
				ONLY_ACTIVE_ARCH = YES;
				SDKROOT = iphoneos;
				SWIFT_ACTIVE_COMPILATION_CONDITIONS = "DEBUG $(inherited)";
				SWIFT_OPTIMIZATION_LEVEL = "-Onone";
			};
			name = Debug;
		};
		ED274A042BDD1A4F00F7CD4C /* Release */ = {
			isa = XCBuildConfiguration;
			buildSettings = {
				ALWAYS_SEARCH_USER_PATHS = NO;
				ASSETCATALOG_COMPILER_GENERATE_SWIFT_ASSET_SYMBOL_EXTENSIONS = YES;
				CLANG_ANALYZER_NONNULL = YES;
				CLANG_ANALYZER_NUMBER_OBJECT_CONVERSION = YES_AGGRESSIVE;
				CLANG_CXX_LANGUAGE_STANDARD = "gnu++20";
				CLANG_ENABLE_MODULES = YES;
				CLANG_ENABLE_OBJC_ARC = YES;
				CLANG_ENABLE_OBJC_WEAK = YES;
				CLANG_WARN_BLOCK_CAPTURE_AUTORELEASING = YES;
				CLANG_WARN_BOOL_CONVERSION = YES;
				CLANG_WARN_COMMA = YES;
				CLANG_WARN_CONSTANT_CONVERSION = YES;
				CLANG_WARN_DEPRECATED_OBJC_IMPLEMENTATIONS = YES;
				CLANG_WARN_DIRECT_OBJC_ISA_USAGE = YES_ERROR;
				CLANG_WARN_DOCUMENTATION_COMMENTS = YES;
				CLANG_WARN_EMPTY_BODY = YES;
				CLANG_WARN_ENUM_CONVERSION = YES;
				CLANG_WARN_INFINITE_RECURSION = YES;
				CLANG_WARN_INT_CONVERSION = YES;
				CLANG_WARN_NON_LITERAL_NULL_CONVERSION = YES;
				CLANG_WARN_OBJC_IMPLICIT_RETAIN_SELF = YES;
				CLANG_WARN_OBJC_LITERAL_CONVERSION = YES;
				CLANG_WARN_OBJC_ROOT_CLASS = YES_ERROR;
				CLANG_WARN_QUOTED_INCLUDE_IN_FRAMEWORK_HEADER = YES;
				CLANG_WARN_RANGE_LOOP_ANALYSIS = YES;
				CLANG_WARN_STRICT_PROTOTYPES = YES;
				CLANG_WARN_SUSPICIOUS_MOVE = YES;
				CLANG_WARN_UNGUARDED_AVAILABILITY = YES_AGGRESSIVE;
				CLANG_WARN_UNREACHABLE_CODE = YES;
				CLANG_WARN__DUPLICATE_METHOD_MATCH = YES;
				COPY_PHASE_STRIP = NO;
				DEBUG_INFORMATION_FORMAT = "dwarf-with-dsym";
				ENABLE_NS_ASSERTIONS = NO;
				ENABLE_STRICT_OBJC_MSGSEND = YES;
				ENABLE_USER_SCRIPT_SANDBOXING = YES;
				GCC_C_LANGUAGE_STANDARD = gnu17;
				GCC_NO_COMMON_BLOCKS = YES;
				GCC_WARN_64_TO_32_BIT_CONVERSION = YES;
				GCC_WARN_ABOUT_RETURN_TYPE = YES_ERROR;
				GCC_WARN_UNDECLARED_SELECTOR = YES;
				GCC_WARN_UNINITIALIZED_AUTOS = YES_AGGRESSIVE;
				GCC_WARN_UNUSED_FUNCTION = YES;
				GCC_WARN_UNUSED_VARIABLE = YES;
				IPHONEOS_DEPLOYMENT_TARGET = 17.4;
				LOCALIZATION_PREFERS_STRING_CATALOGS = YES;
				MTL_ENABLE_DEBUG_INFO = NO;
				MTL_FAST_MATH = YES;
				SDKROOT = iphoneos;
				SWIFT_COMPILATION_MODE = wholemodule;
				VALIDATE_PRODUCT = YES;
			};
			name = Release;
		};
		ED274A062BDD1A4F00F7CD4C /* Debug */ = {
			isa = XCBuildConfiguration;
			buildSettings = {
				ASSETCATALOG_COMPILER_APPICON_NAME = AppIcon;
				ASSETCATALOG_COMPILER_GLOBAL_ACCENT_COLOR_NAME = AccentColor;
				CODE_SIGN_STYLE = Automatic;
				CURRENT_PROJECT_VERSION = 1;
				GENERATE_INFOPLIST_FILE = YES;
				INFOPLIST_FILE = "HW-09/Info.plist";
				INFOPLIST_KEY_UIApplicationSupportsIndirectInputEvents = YES;
				INFOPLIST_KEY_UILaunchStoryboardName = LaunchScreen;
				INFOPLIST_KEY_UIMainStoryboardFile = Main;
				INFOPLIST_KEY_UISupportedInterfaceOrientations_iPad = "UIInterfaceOrientationPortrait UIInterfaceOrientationPortraitUpsideDown UIInterfaceOrientationLandscapeLeft UIInterfaceOrientationLandscapeRight";
				INFOPLIST_KEY_UISupportedInterfaceOrientations_iPhone = "UIInterfaceOrientationPortrait UIInterfaceOrientationLandscapeLeft UIInterfaceOrientationLandscapeRight";
				LD_RUNPATH_SEARCH_PATHS = (
					"$(inherited)",
					"@executable_path/Frameworks",
				);
				MARKETING_VERSION = 1.0;
				PRODUCT_BUNDLE_IDENTIFIER = "classes.HW-09";
				PRODUCT_NAME = "$(TARGET_NAME)";
				SWIFT_EMIT_LOC_STRINGS = YES;
				SWIFT_VERSION = 5.0;
				TARGETED_DEVICE_FAMILY = "1,2";
			};
			name = Debug;
		};
		ED274A072BDD1A4F00F7CD4C /* Release */ = {
			isa = XCBuildConfiguration;
			buildSettings = {
				ASSETCATALOG_COMPILER_APPICON_NAME = AppIcon;
				ASSETCATALOG_COMPILER_GLOBAL_ACCENT_COLOR_NAME = AccentColor;
				CODE_SIGN_STYLE = Automatic;
				CURRENT_PROJECT_VERSION = 1;
				GENERATE_INFOPLIST_FILE = YES;
				INFOPLIST_FILE = "HW-09/Info.plist";
				INFOPLIST_KEY_UIApplicationSupportsIndirectInputEvents = YES;
				INFOPLIST_KEY_UILaunchStoryboardName = LaunchScreen;
				INFOPLIST_KEY_UIMainStoryboardFile = Main;
				INFOPLIST_KEY_UISupportedInterfaceOrientations_iPad = "UIInterfaceOrientationPortrait UIInterfaceOrientationPortraitUpsideDown UIInterfaceOrientationLandscapeLeft UIInterfaceOrientationLandscapeRight";
				INFOPLIST_KEY_UISupportedInterfaceOrientations_iPhone = "UIInterfaceOrientationPortrait UIInterfaceOrientationLandscapeLeft UIInterfaceOrientationLandscapeRight";
				LD_RUNPATH_SEARCH_PATHS = (
					"$(inherited)",
					"@executable_path/Frameworks",
				);
				MARKETING_VERSION = 1.0;
				PRODUCT_BUNDLE_IDENTIFIER = "classes.HW-09";
				PRODUCT_NAME = "$(TARGET_NAME)";
				SWIFT_EMIT_LOC_STRINGS = YES;
				SWIFT_VERSION = 5.0;
				TARGETED_DEVICE_FAMILY = "1,2";
			};
			name = Release;
		};
		ED274A092BDD1A4F00F7CD4C /* Debug */ = {
			isa = XCBuildConfiguration;
			buildSettings = {
				ALWAYS_EMBED_SWIFT_STANDARD_LIBRARIES = YES;
				BUNDLE_LOADER = "$(TEST_HOST)";
				CODE_SIGN_STYLE = Automatic;
				CURRENT_PROJECT_VERSION = 1;
				GENERATE_INFOPLIST_FILE = YES;
				IPHONEOS_DEPLOYMENT_TARGET = 17.4;
				MARKETING_VERSION = 1.0;
				PRODUCT_BUNDLE_IDENTIFIER = "classes.HW-09Tests";
				PRODUCT_NAME = "$(TARGET_NAME)";
				SWIFT_EMIT_LOC_STRINGS = NO;
				SWIFT_VERSION = 5.0;
				TARGETED_DEVICE_FAMILY = "1,2";
				TEST_HOST = "$(BUILT_PRODUCTS_DIR)/HW-09.app/$(BUNDLE_EXECUTABLE_FOLDER_PATH)/HW-09";
			};
			name = Debug;
		};
		ED274A0A2BDD1A4F00F7CD4C /* Release */ = {
			isa = XCBuildConfiguration;
			buildSettings = {
				ALWAYS_EMBED_SWIFT_STANDARD_LIBRARIES = YES;
				BUNDLE_LOADER = "$(TEST_HOST)";
				CODE_SIGN_STYLE = Automatic;
				CURRENT_PROJECT_VERSION = 1;
				GENERATE_INFOPLIST_FILE = YES;
				IPHONEOS_DEPLOYMENT_TARGET = 17.4;
				MARKETING_VERSION = 1.0;
				PRODUCT_BUNDLE_IDENTIFIER = "classes.HW-09Tests";
				PRODUCT_NAME = "$(TARGET_NAME)";
				SWIFT_EMIT_LOC_STRINGS = NO;
				SWIFT_VERSION = 5.0;
				TARGETED_DEVICE_FAMILY = "1,2";
				TEST_HOST = "$(BUILT_PRODUCTS_DIR)/HW-09.app/$(BUNDLE_EXECUTABLE_FOLDER_PATH)/HW-09";
			};
			name = Release;
		};
		ED274A0C2BDD1A4F00F7CD4C /* Debug */ = {
			isa = XCBuildConfiguration;
			buildSettings = {
				ALWAYS_EMBED_SWIFT_STANDARD_LIBRARIES = YES;
				CODE_SIGN_STYLE = Automatic;
				CURRENT_PROJECT_VERSION = 1;
				GENERATE_INFOPLIST_FILE = YES;
				MARKETING_VERSION = 1.0;
				PRODUCT_BUNDLE_IDENTIFIER = "classes.HW-09UITests";
				PRODUCT_NAME = "$(TARGET_NAME)";
				SWIFT_EMIT_LOC_STRINGS = NO;
				SWIFT_VERSION = 5.0;
				TARGETED_DEVICE_FAMILY = "1,2";
				TEST_TARGET_NAME = "HW-09";
			};
			name = Debug;
		};
		ED274A0D2BDD1A4F00F7CD4C /* Release */ = {
			isa = XCBuildConfiguration;
			buildSettings = {
				ALWAYS_EMBED_SWIFT_STANDARD_LIBRARIES = YES;
				CODE_SIGN_STYLE = Automatic;
				CURRENT_PROJECT_VERSION = 1;
				GENERATE_INFOPLIST_FILE = YES;
				MARKETING_VERSION = 1.0;
				PRODUCT_BUNDLE_IDENTIFIER = "classes.HW-09UITests";
				PRODUCT_NAME = "$(TARGET_NAME)";
				SWIFT_EMIT_LOC_STRINGS = NO;
				SWIFT_VERSION = 5.0;
				TARGETED_DEVICE_FAMILY = "1,2";
				TEST_TARGET_NAME = "HW-09";
			};
			name = Release;
		};
/* End XCBuildConfiguration section */

/* Begin XCConfigurationList section */
		ED2749D62BDD1A4C00F7CD4C /* Build configuration list for PBXProject "HW-09" */ = {
			isa = XCConfigurationList;
			buildConfigurations = (
				ED274A032BDD1A4F00F7CD4C /* Debug */,
				ED274A042BDD1A4F00F7CD4C /* Release */,
			);
			defaultConfigurationIsVisible = 0;
			defaultConfigurationName = Release;
		};
		ED274A052BDD1A4F00F7CD4C /* Build configuration list for PBXNativeTarget "HW-09" */ = {
			isa = XCConfigurationList;
			buildConfigurations = (
				ED274A062BDD1A4F00F7CD4C /* Debug */,
				ED274A072BDD1A4F00F7CD4C /* Release */,
			);
			defaultConfigurationIsVisible = 0;
			defaultConfigurationName = Release;
		};
		ED274A082BDD1A4F00F7CD4C /* Build configuration list for PBXNativeTarget "HW-09Tests" */ = {
			isa = XCConfigurationList;
			buildConfigurations = (
				ED274A092BDD1A4F00F7CD4C /* Debug */,
				ED274A0A2BDD1A4F00F7CD4C /* Release */,
			);
			defaultConfigurationIsVisible = 0;
			defaultConfigurationName = Release;
		};
		ED274A0B2BDD1A4F00F7CD4C /* Build configuration list for PBXNativeTarget "HW-09UITests" */ = {
			isa = XCConfigurationList;
			buildConfigurations = (
				ED274A0C2BDD1A4F00F7CD4C /* Debug */,
				ED274A0D2BDD1A4F00F7CD4C /* Release */,
			);
			defaultConfigurationIsVisible = 0;
			defaultConfigurationName = Release;
		};
/* End XCConfigurationList section */
	};
	rootObject = ED2749D32BDD1A4C00F7CD4C /* Project object */;
}
